
Microsoft Visual Studio Solution File, Format Version 12.00
# Visual Studio 2012
Project("{FAE04EC0-301F-11D3-BF4B-00C04F79EFBC}") = "Model", "..\Model\Model.csproj", "{78FF7F34-875F-41B9-9F4F-DF4AA23C219A}"
EndProject
Project("{FAE04EC0-301F-11D3-BF4B-00C04F79EFBC}") = "DBUtility", "..\DBUtility\DBUtility.csproj", "{EBA1CD6A-3862-490C-8E5B-C145F37F2695}"
EndProject
Project("{FAE04EC0-301F-11D3-BF4B-00C04F79EFBC}") = "BLL", "..\BLL\BLL.csproj", "{46E22D2E-C54C-4A81-99A4-4FF6DBA2AF4F}"
EndProject
Project("{E24C65DC-7377-472B-9ABA-BC803B73C61A}") = "api", "http://localhost:60742", "{99769F8B-4B1E-4F63-AE39-881E8521751D}"
	ProjectSection(WebsiteProperties) = preProject
		UseIISExpress = "true"
		TargetFrameworkMoniker = ".NETFramework,Version%3Dv2.0"
		Debug.AspNetCompiler.VirtualPath = "/localhost_60742"
		Debug.AspNetCompiler.PhysicalPath = "..\api\"
		Debug.AspNetCompiler.TargetPath = "PrecompiledWeb\localhost_60742\"
		Debug.AspNetCompiler.Updateable = "true"
		Debug.AspNetCompiler.ForceOverwrite = "true"
		Debug.AspNetCompiler.FixedNames = "false"
		Debug.AspNetCompiler.Debug = "True"
		Release.AspNetCompiler.VirtualPath = "/localhost_60742"
		Release.AspNetCompiler.PhysicalPath = "..\api\"
		Release.AspNetCompiler.TargetPath = "PrecompiledWeb\localhost_60742\"
		Release.AspNetCompiler.Updateable = "true"
		Release.AspNetCompiler.ForceOverwrite = "true"
		Release.AspNetCompiler.FixedNames = "false"
		Release.AspNetCompiler.Debug = "False"
		SlnRelativePath = "..\api\"
		DefaultWebSiteLanguage = "Visual C#"
	EndProjectSection
EndProject
Global
	GlobalSection(SolutionConfigurationPlatforms) = preSolution
		Debug|Any CPU = Debug|Any CPU
		Release|Any CPU = Release|Any CPU
	EndGlobalSection
	GlobalSection(ProjectConfigurationPlatforms) = postSolution
		{78FF7F34-875F-41B9-9F4F-DF4AA23C219A}.Debug|Any CPU.ActiveCfg = Debug|Any CPU
		{78FF7F34-875F-41B9-9F4F-DF4AA23C219A}.Debug|Any CPU.Build.0 = Debug|Any CPU
		{78FF7F34-875F-41B9-9F4F-DF4AA23C219A}.Release|Any CPU.ActiveCfg = Release|Any CPU
		{78FF7F34-875F-41B9-9F4F-DF4AA23C219A}.Release|Any CPU.Build.0 = Release|Any CPU
		{EBA1CD6A-3862-490C-8E5B-C145F37F2695}.Debug|Any CPU.ActiveCfg = Debug|Any CPU
		{EBA1CD6A-3862-490C-8E5B-C145F37F2695}.Debug|Any CPU.Build.0 = Debug|Any CPU
		{EBA1CD6A-3862-490C-8E5B-C145F37F2695}.Release|Any CPU.ActiveCfg = Release|Any CPU
		{EBA1CD6A-3862-490C-8E5B-C145F37F2695}.Release|Any CPU.Build.0 = Release|Any CPU
		{46E22D2E-C54C-4A81-99A4-4FF6DBA2AF4F}.Debug|Any CPU.ActiveCfg = Debug|Any CPU
		{46E22D2E-C54C-4A81-99A4-4FF6DBA2AF4F}.Debug|Any CPU.Build.0 = Debug|Any CPU
		{46E22D2E-C54C-4A81-99A4-4FF6DBA2AF4F}.Release|Any CPU.ActiveCfg = Release|Any CPU
		{46E22D2E-C54C-4A81-99A4-4FF6DBA2AF4F}.Release|Any CPU.Build.0 = Release|Any CPU
		{99769F8B-4B1E-4F63-AE39-881E8521751D}.Debug|Any CPU.ActiveCfg = Debug|Any CPU
		{99769F8B-4B1E-4F63-AE39-881E8521751D}.Debug|Any CPU.Build.0 = Debug|Any CPU
		{99769F8B-4B1E-4F63-AE39-881E8521751D}.Release|Any CPU.ActiveCfg = Debug|Any CPU
		{99769F8B-4B1E-4F63-AE39-881E8521751D}.Release|Any CPU.Build.0 = Debug|Any CPU
	EndGlobalSection
	GlobalSection(SolutionProperties) = preSolution
		HideSolutionNode = FALSE
	EndGlobalSection
EndGlobal
